
Microsoft Visual Studio Solution File, Format Version 12.00
# Visual Studio Version 16
VisualStudioVersion = 16.0.30804.86
MinimumVisualStudioVersion = 10.0.40219.1
Project("{FAE04EC0-301F-11D3-BF4B-00C04F79EFBC}") = "et-gw-webcore", "et-gw-webcore\et-gw-webcore.csproj", "{AA9D9596-C40B-4708-BF9D-660D9B2E434E}"
EndProject
Global
	GlobalSection(SolutionConfigurationPlatforms) = preSolution
		Debug|Any CPU = Debug|Any CPU
		Release|Any CPU = Release|Any CPU
	EndGlobalSection
	GlobalSection(ProjectConfigurationPlatforms) = postSolution
		{AA9D9596-C40B-4708-BF9D-660D9B2E434E}.Debug|Any CPU.ActiveCfg = Debug|Any CPU
		{AA9D9596-C40B-4708-BF9D-660D9B2E434E}.Debug|Any CPU.Build.0 = Debug|Any CPU
		{AA9D9596-C40B-4708-BF9D-660D9B2E434E}.Release|Any CPU.ActiveCfg = Release|Any CPU
		{AA9D9596-C40B-4708-BF9D-660D9B2E434E}.Release|Any CPU.Build.0 = Release|Any CPU
	EndGlobalSection
	GlobalSection(SolutionProperties) = preSolution
		HideSolutionNode = FALSE
	EndGlobalSection
	GlobalSection(ExtensibilityGlobals) = postSolution
		SolutionGuid = {514DF847-6280-4022-A52A-43A1E86D00C4}
	EndGlobalSection
EndGlobal
